Microsoft Visual Studio Solution File, Format Version 12.00
# Visual Studio Version 17
VisualStudioVersion = 17.5.2.0
MinimumVisualStudioVersion = 10.0.40219.1
Project("{FAE04EC0-301F-11D3-BF4B-00C04F79EFBC}") = "GenpactAssignment", "GenpactAssignment.csproj", "{8D13222F-8FD4-9C97-0891-AE254E70CECD}"
EndProject
Global
	GlobalSection(SolutionConfigurationPlatforms) = preSolution
		Debug|Any CPU = Debug|Any CPU
		Release|Any CPU = Release|Any CPU
	EndGlobalSection
	GlobalSection(ProjectConfigurationPlatforms) = postSolution
		{8D13222F-8FD4-9C97-0891-AE254E70CECD}.Debug|Any CPU.ActiveCfg = Debug|Any CPU
		{8D13222F-8FD4-9C97-0891-AE254E70CECD}.Debug|Any CPU.Build.0 = Debug|Any CPU
		{8D13222F-8FD4-9C97-0891-AE254E70CECD}.Release|Any CPU.ActiveCfg = Release|Any CPU
		{8D13222F-8FD4-9C97-0891-AE254E70CECD}.Release|Any CPU.Build.0 = Release|Any CPU
	EndGlobalSection
	GlobalSection(SolutionProperties) = preSolution
		HideSolutionNode = FALSE
	EndGlobalSection
	GlobalSection(ExtensibilityGlobals) = postSolution
		SolutionGuid = {74DB5DE5-2237-4A6F-8081-C26542AD0F8F}
	EndGlobalSection
EndGlobal
